
Microsoft Visual Studio Solution File, Format Version 12.00
# Visual Studio 15
Project("{FAE04EC0-301F-11D3-BF4B-00C04F79EFBC}") = "VR test", "Assembly-CSharp.csproj", "{05A8F21B-8864-13FB-EC03-D6DD87629A0B}"
EndProject
Project("{FAE04EC0-301F-11D3-BF4B-00C04F79EFBC}") = "VR test", "Assembly-CSharp-Editor.csproj", "{28542819-650C-D333-1FFB-A225510C816B}"
EndProject
Global
	GlobalSection(SolutionConfigurationPlatforms) = preSolution
		Debug|Any CPU = Debug|Any CPU
		Release|Any CPU = Release|Any CPU
	EndGlobalSection
	GlobalSection(ProjectConfigurationPlatforms) = postSolution
		{05A8F21B-8864-13FB-EC03-D6DD87629A0B}.Debug|Any CPU.ActiveCfg = Debug|Any CPU
		{05A8F21B-8864-13FB-EC03-D6DD87629A0B}.Debug|Any CPU.Build.0 = Debug|Any CPU
		{05A8F21B-8864-13FB-EC03-D6DD87629A0B}.Release|Any CPU.ActiveCfg = Release|Any CPU
		{05A8F21B-8864-13FB-EC03-D6DD87629A0B}.Release|Any CPU.Build.0 = Release|Any CPU
		{28542819-650C-D333-1FFB-A225510C816B}.Debug|Any CPU.ActiveCfg = Debug|Any CPU
		{28542819-650C-D333-1FFB-A225510C816B}.Debug|Any CPU.Build.0 = Debug|Any CPU
		{28542819-650C-D333-1FFB-A225510C816B}.Release|Any CPU.ActiveCfg = Release|Any CPU
		{28542819-650C-D333-1FFB-A225510C816B}.Release|Any CPU.Build.0 = Release|Any CPU
	EndGlobalSection
	GlobalSection(SolutionProperties) = preSolution
		HideSolutionNode = FALSE
	EndGlobalSection
EndGlobal
